{
    "_readme": [
        "This file locks the dependencies of your project to a known state",
        "Read more about it at https://getcomposer.org/doc/01-basic-usage.md#installing-dependencies",
        "This file is @generated automatically"
    ],
    "content-hash": "b958227701d771eda556e2ab40589ba6",
    "packages": [
        {
            "name": "cakedc/migrations",
            "version": "2.6",
            "source": {
                "type": "git",
                "url": "https://github.com/CakeDC/migrations.git",
                "reference": "988730b04933d5f14bc09e808654ffd32b720c63"
            },
            "dist": {
                "type": "zip",
                "url": "https://api.github.com/repos/CakeDC/migrations/zipball/988730b04933d5f14bc09e808654ffd32b720c63",
                "reference": "988730b04933d5f14bc09e808654ffd32b720c63",
                "shasum": ""
            },
            "require": {
                "composer/installers": "*",
                "php": ">=5.6.0"
            },
            "type": "cakephp-plugin",
            "notification-url": "https://packagist.org/downloads/",
            "license": [
                "MIT"
            ],
            "authors": [
                {
                    "name": "Cake Development Corporation",
                    "email": "team@cakedc.com",
                    "homepage": "http://cakedc.com"
                }
            ],
            "description": "Migrations Plugin for CakePHP",
            "homepage": "http://cakedc.com",
            "keywords": [
                "cakephp",
                "migrations"
            ],
            "support": {
                "email": "team@cakedc.com",
                "forum": "http://stackoverflow.com/tags/cakedc",
                "irc": "irc://irc.freenode.org/cakephp",
                "issues": "https://github.com/CakeDC/migrations/issues",
                "source": "https://github.com/CakeDC/migrations",
                "wiki": "https://github.com/CakeDC/migrations/blob/master/Docs/Home.md"
            },
            "time": "2019-08-23T15:02:26+00:00"
        },
        {
            "name": "cakephp/cakephp",
            "version": "2.10.24",
            "source": {
                "type": "git",
                "url": "https://github.com/cakephp/cakephp.git",
                "reference": "cf14e6546ec44e3369e3531add11fdb946656280"
            },
            "dist": {
                "type": "zip",
                "url": "https://api.github.com/repos/cakephp/cakephp/zipball/cf14e6546ec44e3369e3531add11fdb946656280",
                "reference": "cf14e6546ec44e3369e3531add11fdb946656280",
                "shasum": ""
            },
            "require": {
                "php": ">=5.3.0,<8.0.0"
            },
            "require-dev": {
                "cakephp/cakephp-codesniffer": "^1.0.0",
                "phpunit/phpunit": "^3.7"
            },
            "suggest": {
                "ext-mcrypt": "You need to install ext-openssl or ext-mcrypt to use AES-256 encryption",
                "ext-openssl": "You need to install ext-openssl or ext-mcrypt to use AES-256 encryption"
            },
            "bin": [
                "lib/Cake/Console/cake"
            ],
            "type": "library",
            "notification-url": "https://packagist.org/downloads/",
            "license": [
                "MIT"
            ],
            "authors": [
                {
                    "name": "CakePHP Community",
                    "homepage": "https://github.com/cakephp/cakephp/graphs/contributors"
                }
            ],
            "description": "The CakePHP framework",
            "homepage": "https://cakephp.org",
            "keywords": [
                "framework"
            ],
            "support": {
                "forum": "https://stackoverflow.com/tags/cakephp",
                "irc": "irc://irc.freenode.org/cakephp",
                "issues": "https://github.com/cakephp/cakephp/issues",
                "source": "https://github.com/cakephp/cakephp"
            },
            "time": "2020-12-16T02:47:53+00:00"
        },
        {
            "name": "cakephp/debug_kit",
            "version": "2.2.9",
            "source": {
                "type": "git",
                "url": "https://github.com/cakephp/debug_kit.git",
                "reference": "8649a612001fa1caee82d9c432b8223cef221104"
            },
            "dist": {
                "type": "zip",
                "url": "https://api.github.com/repos/cakephp/debug_kit/zipball/8649a612001fa1caee82d9c432b8223cef221104",
                "reference": "8649a612001fa1caee82d9c432b8223cef221104",
                "shasum": ""
            },
            "require": {
                "composer/installers": "^1.0.0",
                "php": ">=5.3.0"
            },
            "require-dev": {
                "cakephp/cakephp-codesniffer": "^1.0.0"
            },
            "type": "cakephp-plugin",
            "extra": {
                "branch-alias": {
                    "dev-master": "2.2.x-dev"
                },
                "installer-name": "DebugKit"
            },
            "notification-url": "https://packagist.org/downloads/",
            "license": [
                "MIT"
            ],
            "authors": [
                {
                    "name": "Mark Story",
                    "homepage": "http://mark-story.com",
                    "role": "Author"
                },
                {
                    "name": "CakePHP Community",
                    "homepage": "https://github.com/cakephp/debug_kit/graphs/contributors"
                }
            ],
            "description": "CakePHP Debug Kit",
            "homepage": "https://github.com/cakephp/debug_kit",
            "keywords": [
                "cakephp",
                "debug",
                "kit"
            ],
            "support": {
                "forum": "http://stackoverflow.com/tags/cakephp",
                "irc": "irc://irc.freenode.org/cakephp",
                "issues": "https://github.com/cakephp/debug_kit/issues",
                "source": "https://github.com/cakephp/debug_kit"
            },
            "time": "2018-09-18T01:48:48+00:00"
        },
        {
            "name": "composer/installers",
            "version": "v1.12.0",
            "source": {
                "type": "git",
                "url": "https://github.com/composer/installers.git",
                "reference": "d20a64ed3c94748397ff5973488761b22f6d3f19"
            },
            "dist": {
                "type": "zip",
                "url": "https://api.github.com/repos/composer/installers/zipball/d20a64ed3c94748397ff5973488761b22f6d3f19",
                "reference": "d20a64ed3c94748397ff5973488761b22f6d3f19",
                "shasum": ""
            },
            "require": {
                "composer-plugin-api": "^1.0 || ^2.0"
            },
            "replace": {
                "roundcube/plugin-installer": "*",
                "shama/baton": "*"
            },
            "require-dev": {
                "composer/composer": "1.6.* || ^2.0",
                "composer/semver": "^1 || ^3",
                "phpstan/phpstan": "^0.12.55",
                "phpstan/phpstan-phpunit": "^0.12.16",
                "symfony/phpunit-bridge": "^4.2 || ^5",
                "symfony/process": "^2.3"
            },
            "type": "composer-plugin",
            "extra": {
                "class": "Composer\\Installers\\Plugin",
                "branch-alias": {
                    "dev-main": "1.x-dev"
                }
            },
            "autoload": {
                "psr-4": {
                    "Composer\\Installers\\": "src/Composer/Installers"
                }
            },
            "notification-url": "https://packagist.org/downloads/",
            "license": [
                "MIT"
            ],
            "authors": [
                {
                    "name": "Kyle Robinson Young",
                    "email": "kyle@dontkry.com",
                    "homepage": "https://github.com/shama"
                }
            ],
            "description": "A multi-framework Composer library installer",
            "homepage": "https://composer.github.io/installers/",
            "keywords": [
                "Craft",
                "Dolibarr",
                "Eliasis",
                "Hurad",
                "ImageCMS",
                "Kanboard",
                "Lan Management System",
                "MODX Evo",
                "MantisBT",
                "Mautic",
                "Maya",
                "OXID",
                "Plentymarkets",
                "Porto",
                "RadPHP",
                "SMF",
                "Starbug",
                "Thelia",
                "Whmcs",
                "WolfCMS",
                "agl",
                "aimeos",
                "annotatecms",
                "attogram",
                "bitrix",
                "cakephp",
                "chef",
                "cockpit",
                "codeigniter",
                "concrete5",
                "croogo",
                "dokuwiki",
                "drupal",
                "eZ Platform",
                "elgg",
                "expressionengine",
                "fuelphp",
                "grav",
                "installer",
                "itop",
                "joomla",
                "known",
                "kohana",
                "laravel",
                "lavalite",
                "lithium",
                "magento",
                "majima",
                "mako",
                "mediawiki",
                "miaoxing",
                "modulework",
                "modx",
                "moodle",
                "osclass",
                "pantheon",
                "phpbb",
                "piwik",
                "ppi",
                "processwire",
                "puppet",
                "pxcms",
                "reindex",
                "roundcube",
                "shopware",
                "silverstripe",
                "sydes",
                "sylius",
                "symfony",
                "tastyigniter",
                "typo3",
                "wordpress",
                "yawik",
                "zend",
                "zikula"
            ],
            "support": {
                "issues": "https://github.com/composer/installers/issues",
                "source": "https://github.com/composer/installers/tree/v1.12.0"
            },
            "funding": [
                {
                    "url": "https://packagist.com",
                    "type": "custom"
                },
                {
                    "url": "https://github.com/composer",
                    "type": "github"
                },
                {
                    "url": "https://tidelift.com/funding/github/packagist/composer/composer",
                    "type": "tidelift"
                }
            ],
            "time": "2021-09-13T08:19:44+00:00"
        },
        {
            "name": "josegonzalez/cakephp-upload",
            "version": "2.x-dev",
            "source": {
                "type": "git",
                "url": "https://github.com/FriendsOfCake/cakephp-upload.git",
                "reference": "f470b9b7b313d84959212f25c3d353d5ab5ebd80"
            },
            "dist": {
                "type": "zip",
                "url": "https://api.github.com/repos/FriendsOfCake/cakephp-upload/zipball/f470b9b7b313d84959212f25c3d353d5ab5ebd80",
                "reference": "f470b9b7b313d84959212f25c3d353d5ab5ebd80",
                "shasum": ""
            },
            "require": {
                "composer/installers": "*"
            },
            "type": "cakephp-plugin",
            "extra": {
                "installer-name": "Upload"
            },
            "notification-url": "https://packagist.org/downloads/",
            "license": [
                "MIT"
            ],
            "authors": [
                {
                    "name": "Joshua Paling",
                    "homepage": "https://github.com/joshuapaling",
                    "role": "Contributor"
                },
                {
                    "name": "sdoney",
                    "homepage": "https://github.com/sdoney",
                    "role": "Contributor"
                },
                {
                    "name": "Giuliano B",
                    "homepage": "https://github.com/giulianob",
                    "role": "Contributor"
                },
                {
                    "name": "Justin Slamka",
                    "homepage": "https://github.com/slamkajs",
                    "role": "Contributor"
                },
                {
                    "name": "Nathan Tyler",
                    "homepage": "https://github.com/tylerdigital",
                    "role": "Contributor"
                },
                {
                    "name": "Mirko Chialastri",
                    "homepage": "https://github.com/hiryu85",
                    "role": "Contributor"
                },
                {
                    "name": "Benjamin Allison",
                    "homepage": "https://github.com/benjaminallison",
                    "role": "Contributor"
                },
                {
                    "name": "Ariel Patschiki",
                    "homepage": "https://github.com/arielpts",
                    "role": "Contributor"
                },
                {
                    "name": "lucfranken",
                    "homepage": "https://github.com/lucfranken",
                    "role": "Contributor"
                },
                {
                    "name": "cpierce",
                    "homepage": "https://github.com/cpierce",
                    "role": "Contributor"
                },
                {
                    "name": "Barry Chapman",
                    "homepage": "https://github.com/barrychapman",
                    "role": "Contributor"
                },
                {
                    "name": "Thomas Edvalson",
                    "homepage": "https://github.com/Cruel",
                    "role": "Contributor"
                },
                {
                    "name": "Alejandro Ibarra",
                    "homepage": "https://github.com/ajibarra",
                    "role": "Contributor"
                },
                {
                    "name": "simkimsia",
                    "homepage": "https://github.com/simkimsia",
                    "role": "Contributor"
                },
                {
                    "name": "Callum Macdonald",
                    "homepage": "https://github.com/chmac",
                    "role": "Contributor"
                },
                {
                    "name": "David Kullmann",
                    "homepage": "https://github.com/dkullmann",
                    "role": "Contributor"
                },
                {
                    "name": "Juan Basso",
                    "homepage": "https://github.com/jrbasso",
                    "role": "Contributor"
                },
                {
                    "name": "Cauan Cabral",
                    "homepage": "https://github.com/CauanCabral",
                    "role": "Contributor"
                },
                {
                    "name": "Bryan Crowe",
                    "homepage": "https://github.com/bcrowe",
                    "role": "Contributor"
                },
                {
                    "name": "Simon Brown",
                    "homepage": "https://github.com/Simes",
                    "role": "Contributor"
                },
                {
                    "name": "wilsolutions",
                    "homepage": "https://github.com/wilsolutions",
                    "role": "Contributor"
                },
                {
                    "name": "Graham Watson",
                    "homepage": "https://github.com/PhantomWatson",
                    "role": "Contributor"
                },
                {
                    "name": "ceallred",
                    "homepage": "https://github.com/ceallred",
                    "role": "Contributor"
                },
                {
                    "name": "Jose Diaz-Gonzalez",
                    "email": "email@josediazgonzalez.com",
                    "homepage": "http://josediazgonzalez.com",
                    "role": "Maintainer"
                },
                {
                    "name": "Marc Würth",
                    "homepage": "https://github.com/ravage84",
                    "role": "Contributor"
                }
            ],
            "description": "CakePHP plugin to handle file uploading sans ridiculous automagic",
            "homepage": "http://github.com/josegonzalez/cakephp-upload",
            "keywords": [
                "Behavior",
                "cakephp",
                "files",
                "upload"
            ],
            "support": {
                "email": "cakephp+upload@josediazgonzalez.com",
                "issues": "https://github.com/josegonzalez/cakephp-upload/issues",
                "source": "https://github.com/josegonzalez/cakephp-upload"
            },
            "time": "2016-09-13T09:34:32+00:00"
        },
        {
            "name": "symfony/polyfill-ctype",
            "version": "v1.24.0",
            "source": {
                "type": "git",
                "url": "https://github.com/symfony/polyfill-ctype.git",
                "reference": "30885182c981ab175d4d034db0f6f469898070ab"
            },
            "dist": {
                "type": "zip",
                "url": "https://api.github.com/repos/symfony/polyfill-ctype/zipball/30885182c981ab175d4d034db0f6f469898070ab",
                "reference": "30885182c981ab175d4d034db0f6f469898070ab",
                "shasum": ""
            },
            "require": {
                "php": ">=7.1"
            },
            "provide": {
                "ext-ctype": "*"
            },
            "suggest": {
                "ext-ctype": "For best performance"
            },
            "type": "library",
            "extra": {
                "branch-alias": {
                    "dev-main": "1.23-dev"
                },
                "thanks": {
                    "name": "symfony/polyfill",
                    "url": "https://github.com/symfony/polyfill"
                }
            },
            "autoload": {
                "psr-4": {
                    "Symfony\\Polyfill\\Ctype\\": ""
                },
                "files": [
                    "bootstrap.php"
                ]
            },
            "notification-url": "https://packagist.org/downloads/",
            "license": [
                "MIT"
            ],
            "authors": [
                {
                    "name": "Gert de Pagter",
                    "email": "BackEndTea@gmail.com"
                },
                {
                    "name": "Symfony Community",
                    "homepage": "https://symfony.com/contributors"
                }
            ],
            "description": "Symfony polyfill for ctype functions",
            "homepage": "https://symfony.com",
            "keywords": [
                "compatibility",
                "ctype",
                "polyfill",
                "portable"
            ],
            "support": {
                "source": "https://github.com/symfony/polyfill-ctype/tree/v1.24.0"
            },
            "funding": [
                {
                    "url": "https://symfony.com/sponsor",
                    "type": "custom"
                },
                {
                    "url": "https://github.com/fabpot",
                    "type": "github"
                },
                {
                    "url": "https://tidelift.com/funding/github/packagist/symfony/symfony",
                    "type": "tidelift"
                }
            ],
            "time": "2021-10-20T20:35:02+00:00"
        },
        {
            "name": "vlucas/phpdotenv",
            "version": "v2.6.9",
            "source": {
                "type": "git",
                "url": "https://github.com/vlucas/phpdotenv.git",
                "reference": "2e93cc98e2e8e869f8d9cfa61bb3a99ba4fc4141"
            },
            "dist": {
                "type": "zip",
                "url": "https://api.github.com/repos/vlucas/phpdotenv/zipball/2e93cc98e2e8e869f8d9cfa61bb3a99ba4fc4141",
                "reference": "2e93cc98e2e8e869f8d9cfa61bb3a99ba4fc4141",
                "shasum": ""
            },
            "require": {
                "php": "^5.3.9 || ^7.0 || ^8.0",
                "symfony/polyfill-ctype": "^1.17"
            },
            "require-dev": {
                "ext-filter": "*",
                "ext-pcre": "*",
                "phpunit/phpunit": "^4.8.36 || ^5.7.27 || ^6.5.14 || ^7.5.20 || ^8.5.21"
            },
            "suggest": {
                "ext-filter": "Required to use the boolean validator.",
                "ext-pcre": "Required to use most of the library."
            },
            "type": "library",
            "extra": {
                "branch-alias": {
                    "dev-master": "2.6-dev"
                }
            },
            "autoload": {
                "psr-4": {
                    "Dotenv\\": "src/"
                }
            },
            "notification-url": "https://packagist.org/downloads/",
            "license": [
                "BSD-3-Clause"
            ],
            "authors": [
                {
                    "name": "Graham Campbell",
                    "email": "hello@gjcampbell.co.uk",
                    "homepage": "https://github.com/GrahamCampbell"
                },
                {
                    "name": "Vance Lucas",
                    "email": "vance@vancelucas.com",
                    "homepage": "https://github.com/vlucas"
                }
            ],
            "description": "Loads environment variables from `.env` to `getenv()`, `$_ENV` and `$_SERVER` automagically.",
            "keywords": [
                "dotenv",
                "env",
                "environment"
            ],
            "support": {
                "issues": "https://github.com/vlucas/phpdotenv/issues",
                "source": "https://github.com/vlucas/phpdotenv/tree/v2.6.9"
            },
            "funding": [
                {
                    "url": "https://github.com/GrahamCampbell",
                    "type": "github"
                },
                {
                    "url": "https://tidelift.com/funding/github/packagist/vlucas/phpdotenv",
                    "type": "tidelift"
                }
            ],
            "time": "2021-12-12T22:59:22+00:00"
        }
    ],
    "packages-dev": [],
    "aliases": [],
    "minimum-stability": "stable",
    "stability-flags": {
        "josegonzalez/cakephp-upload": 20
    },
    "prefer-stable": false,
    "prefer-lowest": false,
    "platform": {
        "php": ">=7.3.0"
    },
    "platform-dev": [],
    "plugin-api-version": "2.0.0"
}
